
Microsoft Visual Studio Solution File, Format Version 12.00
# Visual Studio Version 17
VisualStudioVersion = 17.5.002.0
MinimumVisualStudioVersion = 10.0.40219.1
Project("{9A19103F-16F7-4668-BE54-9A1E7A4F7556}") = "NannyAgency.API", "NannyAgency.API\NannyAgency.API.csproj", "{7B512224-6B68-4CB7-9059-59DA6C688A89}"
EndProject
Project("{9A19103F-16F7-4668-BE54-9A1E7A4F7556}") = "NannyAgency.TEST", "NannyAgency.TEST\NannyAgency.TEST.csproj", "{C79247B8-DA86-41CF-BBBD-2F791EE21D99}"
EndProject
Global
	GlobalSection(SolutionConfigurationPlatforms) = preSolution
		Debug|Any CPU = Debug|Any CPU
		Release|Any CPU = Release|Any CPU
	EndGlobalSection
	GlobalSection(ProjectConfigurationPlatforms) = postSolution
		{7B512224-6B68-4CB7-9059-59DA6C688A89}.Debug|Any CPU.ActiveCfg = Debug|Any CPU
		{7B512224-6B68-4CB7-9059-59DA6C688A89}.Debug|Any CPU.Build.0 = Debug|Any CPU
		{7B512224-6B68-4CB7-9059-59DA6C688A89}.Release|Any CPU.ActiveCfg = Release|Any CPU
		{7B512224-6B68-4CB7-9059-59DA6C688A89}.Release|Any CPU.Build.0 = Release|Any CPU
		{C79247B8-DA86-41CF-BBBD-2F791EE21D99}.Debug|Any CPU.ActiveCfg = Debug|Any CPU
		{C79247B8-DA86-41CF-BBBD-2F791EE21D99}.Debug|Any CPU.Build.0 = Debug|Any CPU
		{C79247B8-DA86-41CF-BBBD-2F791EE21D99}.Release|Any CPU.ActiveCfg = Release|Any CPU
		{C79247B8-DA86-41CF-BBBD-2F791EE21D99}.Release|Any CPU.Build.0 = Release|Any CPU
	EndGlobalSection
	GlobalSection(SolutionProperties) = preSolution
		HideSolutionNode = FALSE
	EndGlobalSection
	GlobalSection(ExtensibilityGlobals) = postSolution
		SolutionGuid = {C89C9915-92A5-4392-A2A0-5C7BE55986F5}
	EndGlobalSection
EndGlobal
