
Microsoft Visual Studio Solution File, Format Version 12.00
# Visual Studio Version 17
VisualStudioVersion = 17.0.31903.59
MinimumVisualStudioVersion = 10.0.40219.1
Project("{FAE04EC0-301F-11D3-BF4B-00C04F79EFBC}") = "NannyAgency.API", "NannyAgency.API\NannyAgency.API.csproj", "{B849C469-2775-4C6C-A77F-4D7CC83100E0}"
EndProject
Project("{FAE04EC0-301F-11D3-BF4B-00C04F79EFBC}") = "NannyAgency.TEST", "NannyAgency.TEST\NannyAgency.TEST.csproj", "{B977141E-2579-492E-8CCE-F04884D86765}"
EndProject
Global
	GlobalSection(SolutionConfigurationPlatforms) = preSolution
		Debug|Any CPU = Debug|Any CPU
		Release|Any CPU = Release|Any CPU
	EndGlobalSection
	GlobalSection(SolutionProperties) = preSolution
		HideSolutionNode = FALSE
	EndGlobalSection
	GlobalSection(ProjectConfigurationPlatforms) = postSolution
		{B849C469-2775-4C6C-A77F-4D7CC83100E0}.Debug|Any CPU.ActiveCfg = Debug|Any CPU
		{B849C469-2775-4C6C-A77F-4D7CC83100E0}.Debug|Any CPU.Build.0 = Debug|Any CPU
		{B849C469-2775-4C6C-A77F-4D7CC83100E0}.Release|Any CPU.ActiveCfg = Release|Any CPU
		{B849C469-2775-4C6C-A77F-4D7CC83100E0}.Release|Any CPU.Build.0 = Release|Any CPU
		{B977141E-2579-492E-8CCE-F04884D86765}.Debug|Any CPU.ActiveCfg = Debug|Any CPU
		{B977141E-2579-492E-8CCE-F04884D86765}.Debug|Any CPU.Build.0 = Debug|Any CPU
		{B977141E-2579-492E-8CCE-F04884D86765}.Release|Any CPU.ActiveCfg = Release|Any CPU
		{B977141E-2579-492E-8CCE-F04884D86765}.Release|Any CPU.Build.0 = Release|Any CPU
	EndGlobalSection
EndGlobal
